
Microsoft Visual Studio Solution File, Format Version 12.00
# Visual Studio Version 17
VisualStudioVersion = 17.7.34202.233
MinimumVisualStudioVersion = 10.0.40219.1
Project("{9A19103F-16F7-4668-BE54-9A1E7A4F7556}") = "NeptunoNet2023.Entidades", "NeptunoNet2023.Entidades\NeptunoNet2023.Entidades.csproj", "{999D0C50-69FA-4E51-B084-1A36073908B1}"
EndProject
Project("{9A19103F-16F7-4668-BE54-9A1E7A4F7556}") = "NeptunoNet2023.Comun", "NeptunoNet2023.Comun\NeptunoNet2023.Comun.csproj", "{C8729F71-DE1C-4D75-A9A5-8AF0A55EDED9}"
EndProject
Project("{9A19103F-16F7-4668-BE54-9A1E7A4F7556}") = "NeptunoNet2023.DatosSql", "NeptunoNet2023.DatosSql\NeptunoNet2023.DatosSql.csproj", "{1EC414E2-D280-4110-8B3C-4EC1E7FAC1B5}"
EndProject
Project("{9A19103F-16F7-4668-BE54-9A1E7A4F7556}") = "NeptunoNet2023.Servicios", "NeptunoNet2023.Servicios\NeptunoNet2023.Servicios.csproj", "{2D5B2604-C7B1-4A2E-9C42-371869CB92FE}"
EndProject
Project("{9A19103F-16F7-4668-BE54-9A1E7A4F7556}") = "NeptunoNet2023.Windows", "NeptunoNet2023.Windows\NeptunoNet2023.Windows.csproj", "{6BEFFB88-A8B4-4C9B-813E-BDFE8C7817D8}"
EndProject
Global
	GlobalSection(SolutionConfigurationPlatforms) = preSolution
		Debug|Any CPU = Debug|Any CPU
		Release|Any CPU = Release|Any CPU
	EndGlobalSection
	GlobalSection(ProjectConfigurationPlatforms) = postSolution
		{999D0C50-69FA-4E51-B084-1A36073908B1}.Debug|Any CPU.ActiveCfg = Debug|Any CPU
		{999D0C50-69FA-4E51-B084-1A36073908B1}.Debug|Any CPU.Build.0 = Debug|Any CPU
		{999D0C50-69FA-4E51-B084-1A36073908B1}.Release|Any CPU.ActiveCfg = Release|Any CPU
		{999D0C50-69FA-4E51-B084-1A36073908B1}.Release|Any CPU.Build.0 = Release|Any CPU
		{C8729F71-DE1C-4D75-A9A5-8AF0A55EDED9}.Debug|Any CPU.ActiveCfg = Debug|Any CPU
		{C8729F71-DE1C-4D75-A9A5-8AF0A55EDED9}.Debug|Any CPU.Build.0 = Debug|Any CPU
		{C8729F71-DE1C-4D75-A9A5-8AF0A55EDED9}.Release|Any CPU.ActiveCfg = Release|Any CPU
		{C8729F71-DE1C-4D75-A9A5-8AF0A55EDED9}.Release|Any CPU.Build.0 = Release|Any CPU
		{1EC414E2-D280-4110-8B3C-4EC1E7FAC1B5}.Debug|Any CPU.ActiveCfg = Debug|Any CPU
		{1EC414E2-D280-4110-8B3C-4EC1E7FAC1B5}.Debug|Any CPU.Build.0 = Debug|Any CPU
		{1EC414E2-D280-4110-8B3C-4EC1E7FAC1B5}.Release|Any CPU.ActiveCfg = Release|Any CPU
		{1EC414E2-D280-4110-8B3C-4EC1E7FAC1B5}.Release|Any CPU.Build.0 = Release|Any CPU
		{2D5B2604-C7B1-4A2E-9C42-371869CB92FE}.Debug|Any CPU.ActiveCfg = Debug|Any CPU
		{2D5B2604-C7B1-4A2E-9C42-371869CB92FE}.Debug|Any CPU.Build.0 = Debug|Any CPU
		{2D5B2604-C7B1-4A2E-9C42-371869CB92FE}.Release|Any CPU.ActiveCfg = Release|Any CPU
		{2D5B2604-C7B1-4A2E-9C42-371869CB92FE}.Release|Any CPU.Build.0 = Release|Any CPU
		{6BEFFB88-A8B4-4C9B-813E-BDFE8C7817D8}.Debug|Any CPU.ActiveCfg = Debug|Any CPU
		{6BEFFB88-A8B4-4C9B-813E-BDFE8C7817D8}.Debug|Any CPU.Build.0 = Debug|Any CPU
		{6BEFFB88-A8B4-4C9B-813E-BDFE8C7817D8}.Release|Any CPU.ActiveCfg = Release|Any CPU
		{6BEFFB88-A8B4-4C9B-813E-BDFE8C7817D8}.Release|Any CPU.Build.0 = Release|Any CPU
	EndGlobalSection
	GlobalSection(SolutionProperties) = preSolution
		HideSolutionNode = FALSE
	EndGlobalSection
	GlobalSection(ExtensibilityGlobals) = postSolution
		SolutionGuid = {B290EFAD-66F3-4506-B303-1C4BE58935DE}
	EndGlobalSection
EndGlobal
